
Microsoft Visual Studio Solution File, Format Version 12.00
# Visual Studio Version 17
VisualStudioVersion = 17.3.32929.385
MinimumVisualStudioVersion = 10.0.40219.1
Project("{9A19103F-16F7-4668-BE54-9A1E7A4F7556}") = "TrackerLibrary", "TrackerLibrary\TrackerLibrary.csproj", "{2268BF3D-8D2C-4326-AFD6-C5D04014B9B4}"
EndProject
Project("{FAE04EC0-301F-11D3-BF4B-00C04F79EFBC}") = "TrackerUI", "TrackerUI\TrackerUI.csproj", "{FD9B1CDB-7CFB-4CA7-955F-5AD2480F7CA3}"
EndProject
Global
	GlobalSection(SolutionConfigurationPlatforms) = preSolution
		Debug|Any CPU = Debug|Any CPU
		Release|Any CPU = Release|Any CPU
	EndGlobalSection
	GlobalSection(ProjectConfigurationPlatforms) = postSolution
		{2268BF3D-8D2C-4326-AFD6-C5D04014B9B4}.Debug|Any CPU.ActiveCfg = Debug|Any CPU
		{2268BF3D-8D2C-4326-AFD6-C5D04014B9B4}.Debug|Any CPU.Build.0 = Debug|Any CPU
		{2268BF3D-8D2C-4326-AFD6-C5D04014B9B4}.Release|Any CPU.ActiveCfg = Release|Any CPU
		{2268BF3D-8D2C-4326-AFD6-C5D04014B9B4}.Release|Any CPU.Build.0 = Release|Any CPU
		{FD9B1CDB-7CFB-4CA7-955F-5AD2480F7CA3}.Debug|Any CPU.ActiveCfg = Debug|Any CPU
		{FD9B1CDB-7CFB-4CA7-955F-5AD2480F7CA3}.Debug|Any CPU.Build.0 = Debug|Any CPU
		{FD9B1CDB-7CFB-4CA7-955F-5AD2480F7CA3}.Release|Any CPU.ActiveCfg = Release|Any CPU
		{FD9B1CDB-7CFB-4CA7-955F-5AD2480F7CA3}.Release|Any CPU.Build.0 = Release|Any CPU
	EndGlobalSection
	GlobalSection(SolutionProperties) = preSolution
		HideSolutionNode = FALSE
	EndGlobalSection
	GlobalSection(ExtensibilityGlobals) = postSolution
		SolutionGuid = {03F51854-91A0-4223-807E-C6CB8E3CEE9D}
	EndGlobalSection
EndGlobal
